
Microsoft Visual Studio Solution File, Format Version 12.00
# Visual Studio 15
VisualStudioVersion = 15.0.28307.329
MinimumVisualStudioVersion = 10.0.40219.1
Project("{FAE04EC0-301F-11D3-BF4B-00C04F79EFBC}") = "LearningNotes", "LearningNotes\LearningNotes.csproj", "{860B6828-D77C-49D7-AA2C-8B28ABFE842C}"
EndProject
Project("{FAE04EC0-301F-11D3-BF4B-00C04F79EFBC}") = "WebProj", "WebProj\WebProj.csproj", "{5FAFBB5E-533C-477B-BA21-F909876EC1AA}"
EndProject
Project("{FAE04EC0-301F-11D3-BF4B-00C04F79EFBC}") = "mscorlib", "..\..\..\Source Code\dotnet461TH2\Source\ndp\clr\src\BCL\mscorlib.csproj", "{67C368DE-3511-4106-8749-000D91EFD3FC}"
EndProject
Project("{9A19103F-16F7-4668-BE54-9A1E7A4F7556}") = "AspCore", "AspCore\AspCore.csproj", "{FA326B12-E919-44B8-A1E9-27FF55B8B8D2}"
EndProject
Project("{FAE04EC0-301F-11D3-BF4B-00C04F79EFBC}") = "System.Web.Mvc", "..\..\..\Source Code\AspNetWebStack\src\System.Web.Mvc\System.Web.Mvc.csproj", "{3D3FFD8A-624D-4E9B-954B-E1C105507975}"
EndProject
Project("{FAE04EC0-301F-11D3-BF4B-00C04F79EFBC}") = "LeetcodeTest", "LeetcodeTest\LeetcodeTest.csproj", "{5FDA59FF-F2A7-43CA-A9E2-7DE68A374093}"
EndProject
Project("{FAE04EC0-301F-11D3-BF4B-00C04F79EFBC}") = "WebServiceExample", "WebServiceExample\WebServiceExample.csproj", "{D3A37020-7BAC-4EE4-A6E0-3A5793402AE7}"
EndProject
Global
	GlobalSection(SolutionConfigurationPlatforms) = preSolution
		CodeAnalysis|Any CPU = CodeAnalysis|Any CPU
		Debug|Any CPU = Debug|Any CPU
		Release|Any CPU = Release|Any CPU
	EndGlobalSection
	GlobalSection(ProjectConfigurationPlatforms) = postSolution
		{860B6828-D77C-49D7-AA2C-8B28ABFE842C}.CodeAnalysis|Any CPU.ActiveCfg = Release|Any CPU
		{860B6828-D77C-49D7-AA2C-8B28ABFE842C}.CodeAnalysis|Any CPU.Build.0 = Release|Any CPU
		{860B6828-D77C-49D7-AA2C-8B28ABFE842C}.Debug|Any CPU.ActiveCfg = Debug|Any CPU
		{860B6828-D77C-49D7-AA2C-8B28ABFE842C}.Debug|Any CPU.Build.0 = Debug|Any CPU
		{860B6828-D77C-49D7-AA2C-8B28ABFE842C}.Release|Any CPU.ActiveCfg = Release|Any CPU
		{860B6828-D77C-49D7-AA2C-8B28ABFE842C}.Release|Any CPU.Build.0 = Release|Any CPU
		{5FAFBB5E-533C-477B-BA21-F909876EC1AA}.CodeAnalysis|Any CPU.ActiveCfg = Release|Any CPU
		{5FAFBB5E-533C-477B-BA21-F909876EC1AA}.CodeAnalysis|Any CPU.Build.0 = Release|Any CPU
		{5FAFBB5E-533C-477B-BA21-F909876EC1AA}.Debug|Any CPU.ActiveCfg = Debug|Any CPU
		{5FAFBB5E-533C-477B-BA21-F909876EC1AA}.Debug|Any CPU.Build.0 = Debug|Any CPU
		{5FAFBB5E-533C-477B-BA21-F909876EC1AA}.Release|Any CPU.ActiveCfg = Release|Any CPU
		{5FAFBB5E-533C-477B-BA21-F909876EC1AA}.Release|Any CPU.Build.0 = Release|Any CPU
		{67C368DE-3511-4106-8749-000D91EFD3FC}.CodeAnalysis|Any CPU.ActiveCfg = Release|Any CPU
		{67C368DE-3511-4106-8749-000D91EFD3FC}.CodeAnalysis|Any CPU.Build.0 = Release|Any CPU
		{67C368DE-3511-4106-8749-000D91EFD3FC}.Debug|Any CPU.ActiveCfg = Debug|Any CPU
		{67C368DE-3511-4106-8749-000D91EFD3FC}.Debug|Any CPU.Build.0 = Debug|Any CPU
		{67C368DE-3511-4106-8749-000D91EFD3FC}.Release|Any CPU.ActiveCfg = Release|Any CPU
		{67C368DE-3511-4106-8749-000D91EFD3FC}.Release|Any CPU.Build.0 = Release|Any CPU
		{FA326B12-E919-44B8-A1E9-27FF55B8B8D2}.CodeAnalysis|Any CPU.ActiveCfg = Release|Any CPU
		{FA326B12-E919-44B8-A1E9-27FF55B8B8D2}.CodeAnalysis|Any CPU.Build.0 = Release|Any CPU
		{FA326B12-E919-44B8-A1E9-27FF55B8B8D2}.Debug|Any CPU.ActiveCfg = Debug|Any CPU
		{FA326B12-E919-44B8-A1E9-27FF55B8B8D2}.Debug|Any CPU.Build.0 = Debug|Any CPU
		{FA326B12-E919-44B8-A1E9-27FF55B8B8D2}.Release|Any CPU.ActiveCfg = Release|Any CPU
		{FA326B12-E919-44B8-A1E9-27FF55B8B8D2}.Release|Any CPU.Build.0 = Release|Any CPU
		{3D3FFD8A-624D-4E9B-954B-E1C105507975}.CodeAnalysis|Any CPU.ActiveCfg = CodeAnalysis|Any CPU
		{3D3FFD8A-624D-4E9B-954B-E1C105507975}.CodeAnalysis|Any CPU.Build.0 = CodeAnalysis|Any CPU
		{3D3FFD8A-624D-4E9B-954B-E1C105507975}.Debug|Any CPU.ActiveCfg = Debug|Any CPU
		{3D3FFD8A-624D-4E9B-954B-E1C105507975}.Debug|Any CPU.Build.0 = Debug|Any CPU
		{3D3FFD8A-624D-4E9B-954B-E1C105507975}.Release|Any CPU.ActiveCfg = Release|Any CPU
		{3D3FFD8A-624D-4E9B-954B-E1C105507975}.Release|Any CPU.Build.0 = Release|Any CPU
		{5FDA59FF-F2A7-43CA-A9E2-7DE68A374093}.CodeAnalysis|Any CPU.ActiveCfg = Release|Any CPU
		{5FDA59FF-F2A7-43CA-A9E2-7DE68A374093}.CodeAnalysis|Any CPU.Build.0 = Release|Any CPU
		{5FDA59FF-F2A7-43CA-A9E2-7DE68A374093}.Debug|Any CPU.ActiveCfg = Debug|Any CPU
		{5FDA59FF-F2A7-43CA-A9E2-7DE68A374093}.Debug|Any CPU.Build.0 = Debug|Any CPU
		{5FDA59FF-F2A7-43CA-A9E2-7DE68A374093}.Release|Any CPU.ActiveCfg = Release|Any CPU
		{5FDA59FF-F2A7-43CA-A9E2-7DE68A374093}.Release|Any CPU.Build.0 = Release|Any CPU
		{D3A37020-7BAC-4EE4-A6E0-3A5793402AE7}.CodeAnalysis|Any CPU.ActiveCfg = Release|Any CPU
		{D3A37020-7BAC-4EE4-A6E0-3A5793402AE7}.CodeAnalysis|Any CPU.Build.0 = Release|Any CPU
		{D3A37020-7BAC-4EE4-A6E0-3A5793402AE7}.Debug|Any CPU.ActiveCfg = Debug|Any CPU
		{D3A37020-7BAC-4EE4-A6E0-3A5793402AE7}.Debug|Any CPU.Build.0 = Debug|Any CPU
		{D3A37020-7BAC-4EE4-A6E0-3A5793402AE7}.Release|Any CPU.ActiveCfg = Release|Any CPU
		{D3A37020-7BAC-4EE4-A6E0-3A5793402AE7}.Release|Any CPU.Build.0 = Release|Any CPU
	EndGlobalSection
	GlobalSection(SolutionProperties) = preSolution
		HideSolutionNode = FALSE
	EndGlobalSection
	GlobalSection(ExtensibilityGlobals) = postSolution
		SolutionGuid = {AD4438F7-3D23-46C9-9306-FEA42C22D4E1}
	EndGlobalSection
EndGlobal
