
Microsoft Visual Studio Solution File, Format Version 12.00
# Visual Studio 15
VisualStudioVersion = 15.0.28307.329
MinimumVisualStudioVersion = 10.0.40219.1
Project("{FAE04EC0-301F-11D3-BF4B-00C04F79EFBC}") = "LearningNotes", "LearningNotes\LearningNotes.csproj", "{860B6828-D77C-49D7-AA2C-8B28ABFE842C}"
EndProject
Project("{FAE04EC0-301F-11D3-BF4B-00C04F79EFBC}") = "WebProj", "WebProj\WebProj.csproj", "{5FAFBB5E-533C-477B-BA21-F909876EC1AA}"
EndProject
Project("{FAE04EC0-301F-11D3-BF4B-00C04F79EFBC}") = "WebProj.Tests", "WebProj.Tests\WebProj.Tests.csproj", "{35F0188B-57FE-4867-8942-4517D21F2E87}"
EndProject
Project("{FAE04EC0-301F-11D3-BF4B-00C04F79EFBC}") = "mscorlib", "..\..\..\Source Code\dotnet461TH2\Source\ndp\clr\src\BCL\mscorlib.csproj", "{67C368DE-3511-4106-8749-000D91EFD3FC}"
EndProject
Global
	GlobalSection(SolutionConfigurationPlatforms) = preSolution
		Debug|Any CPU = Debug|Any CPU
		Release|Any CPU = Release|Any CPU
	EndGlobalSection
	GlobalSection(ProjectConfigurationPlatforms) = postSolution
		{860B6828-D77C-49D7-AA2C-8B28ABFE842C}.Debug|Any CPU.ActiveCfg = Debug|Any CPU
		{860B6828-D77C-49D7-AA2C-8B28ABFE842C}.Debug|Any CPU.Build.0 = Debug|Any CPU
		{860B6828-D77C-49D7-AA2C-8B28ABFE842C}.Release|Any CPU.ActiveCfg = Release|Any CPU
		{860B6828-D77C-49D7-AA2C-8B28ABFE842C}.Release|Any CPU.Build.0 = Release|Any CPU
		{5FAFBB5E-533C-477B-BA21-F909876EC1AA}.Debug|Any CPU.ActiveCfg = Debug|Any CPU
		{5FAFBB5E-533C-477B-BA21-F909876EC1AA}.Debug|Any CPU.Build.0 = Debug|Any CPU
		{5FAFBB5E-533C-477B-BA21-F909876EC1AA}.Release|Any CPU.ActiveCfg = Release|Any CPU
		{5FAFBB5E-533C-477B-BA21-F909876EC1AA}.Release|Any CPU.Build.0 = Release|Any CPU
		{35F0188B-57FE-4867-8942-4517D21F2E87}.Debug|Any CPU.ActiveCfg = Debug|Any CPU
		{35F0188B-57FE-4867-8942-4517D21F2E87}.Debug|Any CPU.Build.0 = Debug|Any CPU
		{35F0188B-57FE-4867-8942-4517D21F2E87}.Release|Any CPU.ActiveCfg = Release|Any CPU
		{35F0188B-57FE-4867-8942-4517D21F2E87}.Release|Any CPU.Build.0 = Release|Any CPU
		{67C368DE-3511-4106-8749-000D91EFD3FC}.Debug|Any CPU.ActiveCfg = Debug|Any CPU
		{67C368DE-3511-4106-8749-000D91EFD3FC}.Debug|Any CPU.Build.0 = Debug|Any CPU
		{67C368DE-3511-4106-8749-000D91EFD3FC}.Release|Any CPU.ActiveCfg = Release|Any CPU
		{67C368DE-3511-4106-8749-000D91EFD3FC}.Release|Any CPU.Build.0 = Release|Any CPU
	EndGlobalSection
	GlobalSection(SolutionProperties) = preSolution
		HideSolutionNode = FALSE
	EndGlobalSection
	GlobalSection(ExtensibilityGlobals) = postSolution
		SolutionGuid = {AD4438F7-3D23-46C9-9306-FEA42C22D4E1}
	EndGlobalSection
EndGlobal
