
Microsoft Visual Studio Solution File, Format Version 12.00
# Visual Studio 15
VisualStudioVersion = 15.0.28307.329
MinimumVisualStudioVersion = 10.0.40219.1
Project("{FAE04EC0-301F-11D3-BF4B-00C04F79EFBC}") = "LearningNotes", "LearningNotes\LearningNotes.csproj", "{860B6828-D77C-49D7-AA2C-8B28ABFE842C}"
EndProject
Global
	GlobalSection(SolutionConfigurationPlatforms) = preSolution
		Debug|Any CPU = Debug|Any CPU
		Release|Any CPU = Release|Any CPU
	EndGlobalSection
	GlobalSection(ProjectConfigurationPlatforms) = postSolution
		{860B6828-D77C-49D7-AA2C-8B28ABFE842C}.Debug|Any CPU.ActiveCfg = Debug|Any CPU
		{860B6828-D77C-49D7-AA2C-8B28ABFE842C}.Debug|Any CPU.Build.0 = Debug|Any CPU
		{860B6828-D77C-49D7-AA2C-8B28ABFE842C}.Release|Any CPU.ActiveCfg = Release|Any CPU
		{860B6828-D77C-49D7-AA2C-8B28ABFE842C}.Release|Any CPU.Build.0 = Release|Any CPU
	EndGlobalSection
	GlobalSection(SolutionProperties) = preSolution
		HideSolutionNode = FALSE
	EndGlobalSection
	GlobalSection(ExtensibilityGlobals) = postSolution
		SolutionGuid = {AD4438F7-3D23-46C9-9306-FEA42C22D4E1}
	EndGlobalSection
EndGlobal
